
Microsoft Visual Studio Solution File, Format Version 10.00
# Visual Studio 2008
Project("{E24C65DC-7377-472B-9ABA-BC803B73C61A}") = "BVOption", ".", "{C4B11680-0573-4EDE-A5E0-9DD2ED068E92}"
	ProjectSection(WebsiteProperties) = preProject
		TargetFramework = "3.5"
		Debug.AspNetCompiler.VirtualPath = "/BVOption"
		Debug.AspNetCompiler.PhysicalPath = "E:\KNM\BenhVien\BVOption\"
		Debug.AspNetCompiler.TargetPath = "PrecompiledWeb\BVOption\"
		Debug.AspNetCompiler.Updateable = "true"
		Debug.AspNetCompiler.ForceOverwrite = "true"
		Debug.AspNetCompiler.FixedNames = "false"
		Debug.AspNetCompiler.Debug = "True"
		Release.AspNetCompiler.VirtualPath = "/BVOption"
		Release.AspNetCompiler.PhysicalPath = "E:\KNM\BenhVien\BVOption\"
		Release.AspNetCompiler.TargetPath = "PrecompiledWeb\BVOption\"
		Release.AspNetCompiler.Updateable = "true"
		Release.AspNetCompiler.ForceOverwrite = "true"
		Release.AspNetCompiler.FixedNames = "false"
		Release.AspNetCompiler.Debug = "False"
		VWDPort = "54452"
	EndProjectSection
EndProject
Global
	GlobalSection(SolutionConfigurationPlatforms) = preSolution
		Debug|.NET = Debug|.NET
	EndGlobalSection
	GlobalSection(ProjectConfigurationPlatforms) = postSolution
		{C4B11680-0573-4EDE-A5E0-9DD2ED068E92}.Debug|.NET.ActiveCfg = Debug|.NET
		{C4B11680-0573-4EDE-A5E0-9DD2ED068E92}.Debug|.NET.Build.0 = Debug|.NET
	EndGlobalSection
	GlobalSection(SolutionProperties) = preSolution
		HideSolutionNode = FALSE
	EndGlobalSection
EndGlobal
